PODS:
  - Alamofire (5.4.1)
  - Kingfisher (6.2.1)
  - ProgressHUD (13.6)

DEPENDENCIES:
  - Alamofire (~> 5.2)
  - Kingfisher (~> 6.0)
  - ProgressHUD

SPEC REPOS:
  trunk:
    - Alamofire
    - Kingfisher
    - ProgressHUD

SPEC CHECKSUMS:
  Alamofire: 2291f7d21ca607c491dd17642e5d40fdcda0e65c
  Kingfisher: e71c6fac2aebb1262888cabc2cb13d313362a48f
  ProgressHUD: 4bdaa0d2ddf676b23324b199f9facffb5c3a1620

PODFILE CHECKSUM: 9709cbc0499c74082298d16c89b8ef12cc57df64

COCOAPODS: 1.10.1
